
Microsoft Visual Studio Solution File, Format Version 12.00
# Visual Studio Version 17
VisualStudioVersion = 17.13.35931.197 d17.13
MinimumVisualStudioVersion = 10.0.40219.1
Project("{FAE04EC0-301F-11D3-BF4B-00C04F79EFBC}") = "NetSerializer", "NetSerializer\NetSerializer.csproj", "{5B7BFF7C-E009-447F-9879-5C90A3B8467F}"
EndProject
Global
	GlobalSection(SolutionConfigurationPlatforms) = preSolution
		Debug|Any CPU = Debug|Any CPU
		Release|Any CPU = Release|Any CPU
	EndGlobalSection
	GlobalSection(ProjectConfigurationPlatforms) = postSolution
		{5B7BFF7C-E009-447F-9879-5C90A3B8467F}.Debug|Any CPU.ActiveCfg = Debug|Any CPU
		{5B7BFF7C-E009-447F-9879-5C90A3B8467F}.Debug|Any CPU.Build.0 = Debug|Any CPU
		{5B7BFF7C-E009-447F-9879-5C90A3B8467F}.Release|Any CPU.ActiveCfg = Release|Any CPU
		{5B7BFF7C-E009-447F-9879-5C90A3B8467F}.Release|Any CPU.Build.0 = Release|Any CPU
	EndGlobalSection
	GlobalSection(SolutionProperties) = preSolution
		HideSolutionNode = FALSE
	EndGlobalSection
	GlobalSection(ExtensibilityGlobals) = postSolution
		SolutionGuid = {51B0F8C5-B727-42DC-A73D-B549B2AC4BC5}
	EndGlobalSection
EndGlobal
